// !$*UTF8*$!
{
	archiveVersion = 1;
	classes = {
	};
	objectVersion = 50;
	objects = {

/* Begin PBXBuildFile section */
		22C6AA6620BC268B008723DA /* TOAppSettingsTests.m in Sources */ = {isa = PBXBuildFile; fileRef = 22C6AA6520BC268B008723DA /* TOAppSettingsTests.m */; };
		22C6AA6D20BC272E008723DA /* TOAppSettings.m in Sources */ = {isa = PBXBuildFile; fileRef = 22BF240E209FE9C100416EC4 /* TOAppSettings.m */; };
		22C6AA7020BC3318008723DA /* TOAppSettingsSwiftTests.swift in Sources */ = {isa = PBXBuildFile; fileRef = 22C6AA6F20BC3318008723DA /* TOAppSettingsSwiftTests.swift */; };
		22C6AA7820BC53DD008723DA /* AppDelegate.swift in Sources */ = {isa = PBXBuildFile; fileRef = 22C6AA7720BC53DD008723DA /* AppDelegate.swift */; };
		22C6AA8220BC53DE008723DA /* LaunchScreen.storyboard in Resources */ = {isa = PBXBuildFile; fileRef = 22C6AA8020BC53DE008723DA /* LaunchScreen.storyboard */; };
		22C6AA8720BC54CE008723DA /* TOAppSettings.m in Sources */ = {isa = PBXBuildFile; fileRef = 22BF240E209FE9C100416EC4 /* TOAppSettings.m */; };
/* End PBXBuildFile section */

/* Begin PBXContainerItemProxy section */
		B1CD414A22674C0500BE4C00 /* PBXContainerItemProxy */ = {
			isa = PBXContainerItemProxy;
			containerPortal = 22BF23EB209FE58500416EC4 /* Project object */;
			proxyType = 1;
			remoteGlobalIDString = 22C6AA7420BC53DC008723DA;
			remoteInfo = TOAppSettingsExample;
		};
/* End PBXContainerItemProxy section */

/* Begin PBXFileReference section */
		22BF240D209FE9C100416EC4 /* TOAppSettings.h */ = {isa = PBXFileReference; lastKnownFileType = sourcecode.c.h; path = TOAppSettings.h; sourceTree = "<group>"; };
		22BF240E209FE9C100416EC4 /* TOAppSettings.m */ = {isa = PBXFileReference; lastKnownFileType = sourcecode.c.objc; path = TOAppSettings.m; sourceTree = "<group>"; };
		22C6AA6320BC268B008723DA /* TOAppSettingsTests.xctest */ = {isa = PBXFileReference; explicitFileType = wrapper.cfbundle; includeInIndex = 0; path = TOAppSettingsTests.xctest; sourceTree = BUILT_PRODUCTS_DIR; };
		22C6AA6520BC268B008723DA /* TOAppSettingsTests.m */ = {isa = PBXFileReference; lastKnownFileType = sourcecode.c.objc; path = TOAppSettingsTests.m; sourceTree = "<group>"; };
		22C6AA6720BC268B008723DA /* Info.plist */ = {isa = PBXFileReference; lastKnownFileType = text.plist.xml; path = Info.plist; sourceTree = "<group>"; };
		22C6AA6E20BC3318008723DA /* TOAppSettingsTests-Bridging-Header.h */ = {isa = PBXFileReference; lastKnownFileType = sourcecode.c.h; path = "TOAppSettingsTests-Bridging-Header.h"; sourceTree = "<group>"; };
		22C6AA6F20BC3318008723DA /* TOAppSettingsSwiftTests.swift */ = {isa = PBXFileReference; lastKnownFileType = sourcecode.swift; path = TOAppSettingsSwiftTests.swift; sourceTree = "<group>"; };
		22C6AA7520BC53DC008723DA /* TOAppSettingsExample.app */ = {isa = PBXFileReference; explicitFileType = wrapper.application; includeInIndex = 0; path = TOAppSettingsExample.app; sourceTree = BUILT_PRODUCTS_DIR; };
		22C6AA7720BC53DD008723DA /* AppDelegate.swift */ = {isa = PBXFileReference; lastKnownFileType = sourcecode.swift; path = AppDelegate.swift; sourceTree = "<group>"; };
		22C6AA8120BC53DE008723DA /* Base */ = {isa = PBXFileReference; lastKnownFileType = file.storyboard; name = Base; path = Base.lproj/LaunchScreen.storyboard; sourceTree = "<group>"; };
		22C6AA8320BC53DE008723DA /* Info.plist */ = {isa = PBXFileReference; lastKnownFileType = text.plist.xml; path = Info.plist; sourceTree = "<group>"; };
		22C6AA8820BC5539008723DA /* TOAppSettingsExample-Bridging-Header.h */ = {isa = PBXFileReference; lastKnownFileType = sourcecode.c.h; path = "TOAppSettingsExample-Bridging-Header.h"; sourceTree = "<group>"; };
/* End PBXFileReference section */

/* Begin PBXFrameworksBuildPhase section */
		22C6AA6020BC268B008723DA /* Frameworks */ = {
			isa = PBXFrameworksBuildPhase;
			buildActionMask = 2147483647;
			files = (
			);
			runOnlyForDeploymentPostprocessing = 0;
		};
		22C6AA7220BC53DC008723DA /* Frameworks */ = {
			isa = PBXFrameworksBuildPhase;
			buildActionMask = 2147483647;
			files = (
			);
			runOnlyForDeploymentPostprocessing = 0;
		};
/* End PBXFrameworksBuildPhase section */

/* Begin PBXGroup section */
		22BF23EA209FE58500416EC4 = {
			isa = PBXGroup;
			children = (
				22BF240C209FE9B100416EC4 /* TOAppSettings */,
				22C6AA6420BC268B008723DA /* TOAppSettingsTests */,
				22C6AA7620BC53DD008723DA /* TOAppSettingsExample */,
				22BF23F4209FE58500416EC4 /* Products */,
			);
			sourceTree = "<group>";
		};
		22BF23F4209FE58500416EC4 /* Products */ = {
			isa = PBXGroup;
			children = (
				22C6AA6320BC268B008723DA /* TOAppSettingsTests.xctest */,
				22C6AA7520BC53DC008723DA /* TOAppSettingsExample.app */,
			);
			name = Products;
			sourceTree = "<group>";
		};
		22BF240C209FE9B100416EC4 /* TOAppSettings */ = {
			isa = PBXGroup;
			children = (
				22BF240D209FE9C100416EC4 /* TOAppSettings.h */,
				22BF240E209FE9C100416EC4 /* TOAppSettings.m */,
			);
			path = TOAppSettings;
			sourceTree = "<group>";
		};
		22C6AA6420BC268B008723DA /* TOAppSettingsTests */ = {
			isa = PBXGroup;
			children = (
				22C6AA6720BC268B008723DA /* Info.plist */,
				22C6AA6520BC268B008723DA /* TOAppSettingsTests.m */,
				22C6AA6F20BC3318008723DA /* TOAppSettingsSwiftTests.swift */,
				22C6AA6E20BC3318008723DA /* TOAppSettingsTests-Bridging-Header.h */,
			);
			path = TOAppSettingsTests;
			sourceTree = "<group>";
		};
		22C6AA7620BC53DD008723DA /* TOAppSettingsExample */ = {
			isa = PBXGroup;
			children = (
				22C6AA7720BC53DD008723DA /* AppDelegate.swift */,
				22C6AA8020BC53DE008723DA /* LaunchScreen.storyboard */,
				22C6AA8320BC53DE008723DA /* Info.plist */,
				22C6AA8820BC5539008723DA /* TOAppSettingsExample-Bridging-Header.h */,
			);
			path = TOAppSettingsExample;
			sourceTree = "<group>";
		};
/* End PBXGroup section */

/* Begin PBXNativeTarget section */
		22C6AA6220BC268B008723DA /* TOAppSettingsTests */ = {
			isa = PBXNativeTarget;
			buildConfigurationList = 22C6AA6A20BC268B008723DA /* Build configuration list for PBXNativeTarget "TOAppSettingsTests" */;
			buildPhases = (
				22C6AA5F20BC268B008723DA /* Sources */,
				22C6AA6020BC268B008723DA /* Frameworks */,
				22C6AA6120BC268B008723DA /* Resources */,
			);
			buildRules = (
			);
			dependencies = (
				B1CD414B22674C0500BE4C00 /* PBXTargetDependency */,
			);
			name = TOAppSettingsTests;
			productName = TOAppSettingsTests;
			productReference = 22C6AA6320BC268B008723DA /* TOAppSettingsTests.xctest */;
			productType = "com.apple.product-type.bundle.unit-test";
		};
		22C6AA7420BC53DC008723DA /* TOAppSettingsExample */ = {
			isa = PBXNativeTarget;
			buildConfigurationList = 22C6AA8420BC53DE008723DA /* Build configuration list for PBXNativeTarget "TOAppSettingsExample" */;
			buildPhases = (
				22C6AA7120BC53DC008723DA /* Sources */,
				22C6AA7220BC53DC008723DA /* Frameworks */,
				22C6AA7320BC53DC008723DA /* Resources */,
			);
			buildRules = (
			);
			dependencies = (
			);
			name = TOAppSettingsExample;
			productName = TOAppSettingsExample;
			productReference = 22C6AA7520BC53DC008723DA /* TOAppSettingsExample.app */;
			productType = "com.apple.product-type.application";
		};
/* End PBXNativeTarget section */

/* Begin PBXProject section */
		22BF23EB209FE58500416EC4 /* Project object */ = {
			isa = PBXProject;
			attributes = {
				LastSwiftUpdateCheck = 0930;
				LastUpgradeCheck = 1000;
				ORGANIZATIONNAME = "Tim Oliver";
				TargetAttributes = {
					22C6AA6220BC268B008723DA = {
						CreatedOnToolsVersion = 9.3;
						LastSwiftMigration = 1000;
						TestTargetID = 22BF23F2209FE58500416EC4;
					};
					22C6AA7420BC53DC008723DA = {
						CreatedOnToolsVersion = 9.3;
						LastSwiftMigration = 1000;
					};
				};
			};
			buildConfigurationList = 22BF23EE209FE58500416EC4 /* Build configuration list for PBXProject "TOAppSettingsExample" */;
			compatibilityVersion = "Xcode 9.3";
			developmentRegion = en;
			hasScannedForEncodings = 0;
			knownRegions = (
				en,
				Base,
			);
			mainGroup = 22BF23EA209FE58500416EC4;
			productRefGroup = 22BF23F4209FE58500416EC4 /* Products */;
			projectDirPath = "";
			projectRoot = "";
			targets = (
				22C6AA6220BC268B008723DA /* TOAppSettingsTests */,
				22C6AA7420BC53DC008723DA /* TOAppSettingsExample */,
			);
		};
/* End PBXProject section */

/* Begin PBXResourcesBuildPhase section */
		22C6AA6120BC268B008723DA /* Resources */ = {
			isa = PBXResourcesBuildPhase;
			buildActionMask = 2147483647;
			files = (
			);
			runOnlyForDeploymentPostprocessing = 0;
		};
		22C6AA7320BC53DC008723DA /* Resources */ = {
			isa = PBXResourcesBuildPhase;
			buildActionMask = 2147483647;
			files = (
				22C6AA8220BC53DE008723DA /* LaunchScreen.storyboard in Resources */,
			);
			runOnlyForDeploymentPostprocessing = 0;
		};
/* End PBXResourcesBuildPhase section */

/* Begin PBXSourcesBuildPhase section */
		22C6AA5F20BC268B008723DA /* Sources */ = {
			isa = PBXSourcesBuildPhase;
			buildActionMask = 2147483647;
			files = (
				22C6AA6620BC268B008723DA /* TOAppSettingsTests.m in Sources */,
				22C6AA7020BC3318008723DA /* TOAppSettingsSwiftTests.swift in Sources */,
				22C6AA6D20BC272E008723DA /* TOAppSettings.m in Sources */,
			);
			runOnlyForDeploymentPostprocessing = 0;
		};
		22C6AA7120BC53DC008723DA /* Sources */ = {
			isa = PBXSourcesBuildPhase;
			buildActionMask = 2147483647;
			files = (
				22C6AA7820BC53DD008723DA /* AppDelegate.swift in Sources */,
				22C6AA8720BC54CE008723DA /* TOAppSettings.m in Sources */,
			);
			runOnlyForDeploymentPostprocessing = 0;
		};
/* End PBXSourcesBuildPhase section */

/* Begin PBXTargetDependency section */
		B1CD414B22674C0500BE4C00 /* PBXTargetDependency */ = {
			isa = PBXTargetDependency;
			target = 22C6AA7420BC53DC008723DA /* TOAppSettingsExample */;
			targetProxy = B1CD414A22674C0500BE4C00 /* PBXContainerItemProxy */;
		};
/* End PBXTargetDependency section */

/* Begin PBXVariantGroup section */
		22C6AA8020BC53DE008723DA /* LaunchScreen.storyboard */ = {
			isa = PBXVariantGroup;
			children = (
				22C6AA8120BC53DE008723DA /* Base */,
			);
			name = LaunchScreen.storyboard;
			sourceTree = "<group>";
		};
/* End PBXVariantGroup section */

/* Begin XCBuildConfiguration section */
		22BF2407209FE58600416EC4 /* Debug */ = {
			isa = XCBuildConfiguration;
			buildSettings = {
				ALWAYS_SEARCH_USER_PATHS = NO;
				CLANG_ANALYZER_NONNULL = YES;
				CLANG_ANALYZER_NUMBER_OBJECT_CONVERSION = YES_AGGRESSIVE;
				CLANG_CXX_LANGUAGE_STANDARD = "gnu++14";
				CLANG_CXX_LIBRARY = "libc++";
				CLANG_ENABLE_MODULES = YES;
				CLANG_ENABLE_OBJC_ARC = YES;
				CLANG_ENABLE_OBJC_WEAK = YES;
				CLANG_WARN_BLOCK_CAPTURE_AUTORELEASING = YES;
				CLANG_WARN_BOOL_CONVERSION = YES;
				CLANG_WARN_COMMA = YES;
				CLANG_WARN_CONSTANT_CONVERSION = YES;
				CLANG_WARN_DEPRECATED_OBJC_IMPLEMENTATIONS = YES;
				CLANG_WARN_DIRECT_OBJC_ISA_USAGE = YES_ERROR;
				CLANG_WARN_DOCUMENTATION_COMMENTS = YES;
				CLANG_WARN_EMPTY_BODY = YES;
				CLANG_WARN_ENUM_CONVERSION = YES;
				CLANG_WARN_INFINITE_RECURSION = YES;
				CLANG_WARN_INT_CONVERSION = YES;
				CLANG_WARN_NON_LITERAL_NULL_CONVERSION = YES;
				CLANG_WARN_OBJC_IMPLICIT_RETAIN_SELF = YES;
				CLANG_WARN_OBJC_LITERAL_CONVERSION = YES;
				CLANG_WARN_OBJC_ROOT_CLASS = YES_ERROR;
				CLANG_WARN_RANGE_LOOP_ANALYSIS = YES;
				CLANG_WARN_STRICT_PROTOTYPES = YES;
				CLANG_WARN_SUSPICIOUS_MOVE = YES;
				CLANG_WARN_UNGUARDED_AVAILABILITY = YES_AGGRESSIVE;
				CLANG_WARN_UNREACHABLE_CODE = YES;
				CLANG_WARN__DUPLICATE_METHOD_MATCH = YES;
				CODE_SIGN_IDENTITY = "iPhone Developer";
				COPY_PHASE_STRIP = NO;
				DEBUG_INFORMATION_FORMAT = dwarf;
				ENABLE_STRICT_OBJC_MSGSEND = YES;
				ENABLE_TESTABILITY = YES;
				GCC_C_LANGUAGE_STANDARD = gnu11;
				GCC_DYNAMIC_NO_PIC = NO;
				GCC_NO_COMMON_BLOCKS = YES;
				GCC_OPTIMIZATION_LEVEL = 0;
				GCC_PREPROCESSOR_DEFINITIONS = (
					"DEBUG=1",
					"$(inherited)",
				);
				GCC_WARN_64_TO_32_BIT_CONVERSION = YES;
				GCC_WARN_ABOUT_RETURN_TYPE = YES_ERROR;
				GCC_WARN_UNDECLARED_SELECTOR = YES;
				GCC_WARN_UNINITIALIZED_AUTOS = YES_AGGRESSIVE;
				GCC_WARN_UNUSED_FUNCTION = YES;
				GCC_WARN_UNUSED_VARIABLE = YES;
				IPHONEOS_DEPLOYMENT_TARGET = 11.3;
				MTL_ENABLE_DEBUG_INFO = YES;
				ONLY_ACTIVE_ARCH = YES;
				SDKROOT = iphoneos;
			};
			name = Debug;
		};
		22BF2408209FE58600416EC4 /* Release */ = {
			isa = XCBuildConfiguration;
			buildSettings = {
				ALWAYS_SEARCH_USER_PATHS = NO;
				CLANG_ANALYZER_NONNULL = YES;
				CLANG_ANALYZER_NUMBER_OBJECT_CONVERSION = YES_AGGRESSIVE;
				CLANG_CXX_LANGUAGE_STANDARD = "gnu++14";
				CLANG_CXX_LIBRARY = "libc++";
				CLANG_ENABLE_MODULES = YES;
				CLANG_ENABLE_OBJC_ARC = YES;
				CLANG_ENABLE_OBJC_WEAK = YES;
				CLANG_WARN_BLOCK_CAPTURE_AUTORELEASING = YES;
				CLANG_WARN_BOOL_CONVERSION = YES;
				CLANG_WARN_COMMA = YES;
				CLANG_WARN_CONSTANT_CONVERSION = YES;
				CLANG_WARN_DEPRECATED_OBJC_IMPLEMENTATIONS = YES;
				CLANG_WARN_DIRECT_OBJC_ISA_USAGE = YES_ERROR;
				CLANG_WARN_DOCUMENTATION_COMMENTS = YES;
				CLANG_WARN_EMPTY_BODY = YES;
				CLANG_WARN_ENUM_CONVERSION = YES;
				CLANG_WARN_INFINITE_RECURSION = YES;
				CLANG_WARN_INT_CONVERSION = YES;
				CLANG_WARN_NON_LITERAL_NULL_CONVERSION = YES;
				CLANG_WARN_OBJC_IMPLICIT_RETAIN_SELF = YES;
				CLANG_WARN_OBJC_LITERAL_CONVERSION = YES;
				CLANG_WARN_OBJC_ROOT_CLASS = YES_ERROR;
				CLANG_WARN_RANGE_LOOP_ANALYSIS = YES;
				CLANG_WARN_STRICT_PROTOTYPES = YES;
				CLANG_WARN_SUSPICIOUS_MOVE = YES;
				CLANG_WARN_UNGUARDED_AVAILABILITY = YES_AGGRESSIVE;
				CLANG_WARN_UNREACHABLE_CODE = YES;
				CLANG_WARN__DUPLICATE_METHOD_MATCH = YES;
				CODE_SIGN_IDENTITY = "iPhone Developer";
				COPY_PHASE_STRIP = NO;
				DEBUG_INFORMATION_FORMAT = "dwarf-with-dsym";
				ENABLE_NS_ASSERTIONS = NO;
				ENABLE_STRICT_OBJC_MSGSEND = YES;
				GCC_C_LANGUAGE_STANDARD = gnu11;
				GCC_NO_COMMON_BLOCKS = YES;
				GCC_WARN_64_TO_32_BIT_CONVERSION = YES;
				GCC_WARN_ABOUT_RETURN_TYPE = YES_ERROR;
				GCC_WARN_UNDECLARED_SELECTOR = YES;
				GCC_WARN_UNINITIALIZED_AUTOS = YES_AGGRESSIVE;
				GCC_WARN_UNUSED_FUNCTION = YES;
				GCC_WARN_UNUSED_VARIABLE = YES;
				IPHONEOS_DEPLOYMENT_TARGET = 11.3;
				MTL_ENABLE_DEBUG_INFO = NO;
				SDKROOT = iphoneos;
				SWIFT_COMPILATION_MODE = wholemodule;
				VALIDATE_PRODUCT = YES;
			};
			name = Release;
		};
		22C6AA6B20BC268B008723DA /* Debug */ = {
			isa = XCBuildConfiguration;
			buildSettings = {
				BUNDLE_LOADER = "$(TEST_HOST)";
				CLANG_ENABLE_MODULES = YES;
				CODE_SIGN_STYLE = Automatic;
				DEVELOPMENT_TEAM = 6LF3GMKZAB;
				INFOPLIST_FILE = TOAppSettingsTests/Info.plist;
				LD_RUNPATH_SEARCH_PATHS = (
					"$(inherited)",
					"@executable_path/Frameworks",
					"@loader_path/Frameworks",
				);
				PRODUCT_BUNDLE_IDENTIFIER = net.timoliver.TOAppSettingsTests;
				PRODUCT_NAME = "$(TARGET_NAME)";
				SWIFT_OBJC_BRIDGING_HEADER = "TOAppSettingsTests/TOAppSettingsTests-Bridging-Header.h";
				SWIFT_OPTIMIZATION_LEVEL = "-Onone";
				SWIFT_SWIFT3_OBJC_INFERENCE = On;
				SWIFT_VERSION = 4.2;
				TARGETED_DEVICE_FAMILY = "1,2";
				TEST_HOST = "$(BUILT_PRODUCTS_DIR)/TOAppSettingsExample.app/TOAppSettingsExample";
			};
			name = Debug;
		};
		22C6AA6C20BC268B008723DA /* Release */ = {
			isa = XCBuildConfiguration;
			buildSettings = {
				BUNDLE_LOADER = "$(TEST_HOST)";
				CLANG_ENABLE_MODULES = YES;
				CODE_SIGN_STYLE = Automatic;
				DEVELOPMENT_TEAM = 6LF3GMKZAB;
				INFOPLIST_FILE = TOAppSettingsTests/Info.plist;
				LD_RUNPATH_SEARCH_PATHS = (
					"$(inherited)",
					"@executable_path/Frameworks",
					"@loader_path/Frameworks",
				);
				PRODUCT_BUNDLE_IDENTIFIER = net.timoliver.TOAppSettingsTests;
				PRODUCT_NAME = "$(TARGET_NAME)";
				SWIFT_OBJC_BRIDGING_HEADER = "TOAppSettingsTests/TOAppSettingsTests-Bridging-Header.h";
				SWIFT_SWIFT3_OBJC_INFERENCE = On;
				SWIFT_VERSION = 4.2;
				TARGETED_DEVICE_FAMILY = "1,2";
				TEST_HOST = "$(BUILT_PRODUCTS_DIR)/TOAppSettingsExample.app/TOAppSettingsExample";
			};
			name = Release;
		};
		22C6AA8520BC53DE008723DA /* Debug */ = {
			isa = XCBuildConfiguration;
			buildSettings = {
				ASSETCATALOG_COMPILER_APPICON_NAME = AppIcon;
				CODE_SIGN_STYLE = Automatic;
				DEVELOPMENT_TEAM = 6LF3GMKZAB;
				INFOPLIST_FILE = TOAppSettingsExample/Info.plist;
				LD_RUNPATH_SEARCH_PATHS = (
					"$(inherited)",
					"@executable_path/Frameworks",
				);
				PRODUCT_BUNDLE_IDENTIFIER = net.timoliver.TOAppSettingsExample;
				PRODUCT_NAME = "$(TARGET_NAME)";
				SWIFT_ACTIVE_COMPILATION_CONDITIONS = DEBUG;
				SWIFT_OBJC_BRIDGING_HEADER = "TOAppSettingsExample/TOAppSettingsExample-Bridging-Header.h";
				SWIFT_OPTIMIZATION_LEVEL = "-Onone";
				SWIFT_SWIFT3_OBJC_INFERENCE = On;
				SWIFT_VERSION = 4.2;
				TARGETED_DEVICE_FAMILY = "1,2";
			};
			name = Debug;
		};
		22C6AA8620BC53DE008723DA /* Release */ = {
			isa = XCBuildConfiguration;
			buildSettings = {
				ASSETCATALOG_COMPILER_APPICON_NAME = AppIcon;
				CODE_SIGN_STYLE = Automatic;
				DEVELOPMENT_TEAM = 6LF3GMKZAB;
				INFOPLIST_FILE = TOAppSettingsExample/Info.plist;
				LD_RUNPATH_SEARCH_PATHS = (
					"$(inherited)",
					"@executable_path/Frameworks",
				);
				PRODUCT_BUNDLE_IDENTIFIER = net.timoliver.TOAppSettingsExample;
				PRODUCT_NAME = "$(TARGET_NAME)";
				SWIFT_COMPILATION_MODE = wholemodule;
				SWIFT_OBJC_BRIDGING_HEADER = "TOAppSettingsExample/TOAppSettingsExample-Bridging-Header.h";
				SWIFT_OPTIMIZATION_LEVEL = "-O";
				SWIFT_SWIFT3_OBJC_INFERENCE = On;
				SWIFT_VERSION = 4.2;
				TARGETED_DEVICE_FAMILY = "1,2";
			};
			name = Release;
		};
/* End XCBuildConfiguration section */

/* Begin XCConfigurationList section */
		22BF23EE209FE58500416EC4 /* Build configuration list for PBXProject "TOAppSettingsExample" */ = {
			isa = XCConfigurationList;
			buildConfigurations = (
				22BF2407209FE58600416EC4 /* Debug */,
				22BF2408209FE58600416EC4 /* Release */,
			);
			defaultConfigurationIsVisible = 0;
			defaultConfigurationName = Release;
		};
		22C6AA6A20BC268B008723DA /* Build configuration list for PBXNativeTarget "TOAppSettingsTests" */ = {
			isa = XCConfigurationList;
			buildConfigurations = (
				22C6AA6B20BC268B008723DA /* Debug */,
				22C6AA6C20BC268B008723DA /* Release */,
			);
			defaultConfigurationIsVisible = 0;
			defaultConfigurationName = Release;
		};
		22C6AA8420BC53DE008723DA /* Build configuration list for PBXNativeTarget "TOAppSettingsExample" */ = {
			isa = XCConfigurationList;
			buildConfigurations = (
				22C6AA8520BC53DE008723DA /* Debug */,
				22C6AA8620BC53DE008723DA /* Release */,
			);
			defaultConfigurationIsVisible = 0;
			defaultConfigurationName = Release;
		};
/* End XCConfigurationList section */
	};
	rootObject = 22BF23EB209FE58500416EC4 /* Project object */;
}
